
Microsoft Visual Studio Solution File, Format Version 12.00
# Visual Studio 14
VisualStudioVersion = 14.0.24720.0
MinimumVisualStudioVersion = 10.0.40219.1
Project("{FAE04EC0-301F-11D3-BF4B-00C04F79EFBC}") = "Common", "Common\Common.csproj", "{1C928016-0E00-4125-80A5-458B82F1EC0D}"
	ProjectSection(ProjectDependencies) = postProject
		{454ED9B9-636C-4BEA-B81C-BEDA4B5B5CFC} = {454ED9B9-636C-4BEA-B81C-BEDA4B5B5CFC}
	EndProjectSection
EndProject
Project("{FAE04EC0-301F-11D3-BF4B-00C04F79EFBC}") = "Console", "Console\Console.csproj", "{F70679BC-150E-4DAA-85C9-FDC4A0C49A6B}"
EndProject
Project("{FAE04EC0-301F-11D3-BF4B-00C04F79EFBC}") = "Dependencies", "Dependencies\Dependencies.csproj", "{454ED9B9-636C-4BEA-B81C-BEDA4B5B5CFC}"
EndProject
Project("{FAE04EC0-301F-11D3-BF4B-00C04F79EFBC}") = "Disk", "Disk\Disk.csproj", "{839C668B-921C-4A33-91CD-0D8131FFACFC}"
EndProject
Project("{FAE04EC0-301F-11D3-BF4B-00C04F79EFBC}") = "GUI", "GUI\GUI.csproj", "{53DA8D50-6F45-4663-8101-9DD4BF99096E}"
EndProject
Project("{FAE04EC0-301F-11D3-BF4B-00C04F79EFBC}") = "Handles", "Handles\Handles.csproj", "{20CB32E5-9B1D-4C78-8126-20367398001C}"
EndProject
Project("{FAE04EC0-301F-11D3-BF4B-00C04F79EFBC}") = "HexEdit", "HexEdit\HexEdit.csproj", "{6EAB3C48-87BF-4F98-972E-1D0C8B7E03A4}"
EndProject
Project("{FAE04EC0-301F-11D3-BF4B-00C04F79EFBC}") = "Loader", "Loader\Loader.csproj", "{770DFCD1-C149-40E4-B1A1-76D06465A57C}"
	ProjectSection(ProjectDependencies) = postProject
		{DB80FD39-0222-4591-B224-833259BAC943} = {DB80FD39-0222-4591-B224-833259BAC943}
	EndProjectSection
EndProject
Project("{2150E333-8FDC-42A3-9474-1A3956D46DE8}") = "Misc", "Misc", "{6F0CF426-400C-4A95-B92C-95DF0146B2F4}"
	ProjectSection(SolutionItems) = preProject
		NeoEdit.csproj.props = NeoEdit.csproj.props
		NeoEdit.csproj2.props = NeoEdit.csproj2.props
		NeoEdit.vcxproj.props = NeoEdit.vcxproj.props
		NeoEdit.vcxproj2.props = NeoEdit.vcxproj2.props
		Todo.txt = Todo.txt
	EndProjectSection
EndProject
Project("{FAE04EC0-301F-11D3-BF4B-00C04F79EFBC}") = "NeoEdit", "NeoEdit\NeoEdit.csproj", "{DB80FD39-0222-4591-B224-833259BAC943}"
EndProject
Project("{FAE04EC0-301F-11D3-BF4B-00C04F79EFBC}") = "Network", "Network\Network.csproj", "{64B9F21B-A7FE-4CF9-B764-948505DACE60}"
EndProject
Project("{8BC9CEB8-8B4A-11D0-8D11-00A0C91BC942}") = "NEWin32", "NEWin32\NEWin32.vcxproj", "{FCC193B6-3B3A-4EC5-9586-E22E38D61D99}"
EndProject
Project("{FAE04EC0-301F-11D3-BF4B-00C04F79EFBC}") = "Processes", "Processes\Processes.csproj", "{C65DD007-A448-49F5-B813-372C53D374C3}"
EndProject
Project("{FAE04EC0-301F-11D3-BF4B-00C04F79EFBC}") = "Registry", "Registry\Registry.csproj", "{0193411F-E627-4418-8942-F669C19B90F4}"
EndProject
Project("{FAE04EC0-301F-11D3-BF4B-00C04F79EFBC}") = "SystemInfo", "SystemInfo\SystemInfo.csproj", "{5FC0FBFF-7CE1-4540-9E41-D757D0D9708D}"
EndProject
Project("{FAE04EC0-301F-11D3-BF4B-00C04F79EFBC}") = "TextEdit", "TextEdit\TextEdit.csproj", "{9A35AB82-2481-4C44-B51E-66DF7D248EAD}"
EndProject
Project("{FAE04EC0-301F-11D3-BF4B-00C04F79EFBC}") = "TextView", "TextView\TextView.csproj", "{46568E12-8F80-492E-AED8-647C2386C3E9}"
EndProject
Project("{FAE04EC0-301F-11D3-BF4B-00C04F79EFBC}") = "Tools", "Tools\Tools.csproj", "{55DC5287-F414-4680-83C4-80D0E0B8937F}"
EndProject
Project("{8BC9CEB8-8B4A-11D0-8D11-00A0C91BC942}") = "Win32", "Win32\Win32.vcxproj", "{95A660DC-FBFE-4560-A433-0B024494B213}"
EndProject
Project("{8BC9CEB8-8B4A-11D0-8D11-00A0C91BC942}") = "Win32Lib", "Win32Lib\Win32Lib.vcxproj", "{785C1014-852F-4EC1-A2D6-CDB52880B7AD}"
	ProjectSection(ProjectDependencies) = postProject
		{454ED9B9-636C-4BEA-B81C-BEDA4B5B5CFC} = {454ED9B9-636C-4BEA-B81C-BEDA4B5B5CFC}
	EndProjectSection
EndProject
Global
	GlobalSection(SolutionConfigurationPlatforms) = preSolution
		Debug|x64 = Debug|x64
		Debug|x86 = Debug|x86
		Release|x64 = Release|x64
		Release|x86 = Release|x86
	EndGlobalSection
	GlobalSection(ProjectConfigurationPlatforms) = postSolution
		{1C928016-0E00-4125-80A5-458B82F1EC0D}.Debug|x64.ActiveCfg = Debug|x64
		{1C928016-0E00-4125-80A5-458B82F1EC0D}.Debug|x64.Build.0 = Debug|x64
		{1C928016-0E00-4125-80A5-458B82F1EC0D}.Debug|x86.ActiveCfg = Debug|x86
		{1C928016-0E00-4125-80A5-458B82F1EC0D}.Debug|x86.Build.0 = Debug|x86
		{1C928016-0E00-4125-80A5-458B82F1EC0D}.Release|x64.ActiveCfg = Release|x64
		{1C928016-0E00-4125-80A5-458B82F1EC0D}.Release|x64.Build.0 = Release|x64
		{1C928016-0E00-4125-80A5-458B82F1EC0D}.Release|x86.ActiveCfg = Release|x86
		{1C928016-0E00-4125-80A5-458B82F1EC0D}.Release|x86.Build.0 = Release|x86
		{F70679BC-150E-4DAA-85C9-FDC4A0C49A6B}.Debug|x64.ActiveCfg = Debug|x64
		{F70679BC-150E-4DAA-85C9-FDC4A0C49A6B}.Debug|x64.Build.0 = Debug|x64
		{F70679BC-150E-4DAA-85C9-FDC4A0C49A6B}.Debug|x86.ActiveCfg = Debug|x86
		{F70679BC-150E-4DAA-85C9-FDC4A0C49A6B}.Debug|x86.Build.0 = Debug|x86
		{F70679BC-150E-4DAA-85C9-FDC4A0C49A6B}.Release|x64.ActiveCfg = Release|x64
		{F70679BC-150E-4DAA-85C9-FDC4A0C49A6B}.Release|x64.Build.0 = Release|x64
		{F70679BC-150E-4DAA-85C9-FDC4A0C49A6B}.Release|x86.ActiveCfg = Release|x86
		{F70679BC-150E-4DAA-85C9-FDC4A0C49A6B}.Release|x86.Build.0 = Release|x86
		{454ED9B9-636C-4BEA-B81C-BEDA4B5B5CFC}.Debug|x64.ActiveCfg = Debug|x64
		{454ED9B9-636C-4BEA-B81C-BEDA4B5B5CFC}.Debug|x64.Build.0 = Debug|x64
		{454ED9B9-636C-4BEA-B81C-BEDA4B5B5CFC}.Debug|x86.ActiveCfg = Debug|x86
		{454ED9B9-636C-4BEA-B81C-BEDA4B5B5CFC}.Debug|x86.Build.0 = Debug|x86
		{454ED9B9-636C-4BEA-B81C-BEDA4B5B5CFC}.Release|x64.ActiveCfg = Release|x64
		{454ED9B9-636C-4BEA-B81C-BEDA4B5B5CFC}.Release|x64.Build.0 = Release|x64
		{454ED9B9-636C-4BEA-B81C-BEDA4B5B5CFC}.Release|x86.ActiveCfg = Release|x86
		{454ED9B9-636C-4BEA-B81C-BEDA4B5B5CFC}.Release|x86.Build.0 = Release|x86
		{839C668B-921C-4A33-91CD-0D8131FFACFC}.Debug|x64.ActiveCfg = Debug|x64
		{839C668B-921C-4A33-91CD-0D8131FFACFC}.Debug|x64.Build.0 = Debug|x64
		{839C668B-921C-4A33-91CD-0D8131FFACFC}.Debug|x86.ActiveCfg = Debug|x86
		{839C668B-921C-4A33-91CD-0D8131FFACFC}.Debug|x86.Build.0 = Debug|x86
		{839C668B-921C-4A33-91CD-0D8131FFACFC}.Release|x64.ActiveCfg = Release|x64
		{839C668B-921C-4A33-91CD-0D8131FFACFC}.Release|x64.Build.0 = Release|x64
		{839C668B-921C-4A33-91CD-0D8131FFACFC}.Release|x86.ActiveCfg = Release|x86
		{839C668B-921C-4A33-91CD-0D8131FFACFC}.Release|x86.Build.0 = Release|x86
		{53DA8D50-6F45-4663-8101-9DD4BF99096E}.Debug|x64.ActiveCfg = Debug|x64
		{53DA8D50-6F45-4663-8101-9DD4BF99096E}.Debug|x64.Build.0 = Debug|x64
		{53DA8D50-6F45-4663-8101-9DD4BF99096E}.Debug|x86.ActiveCfg = Debug|x86
		{53DA8D50-6F45-4663-8101-9DD4BF99096E}.Debug|x86.Build.0 = Debug|x86
		{53DA8D50-6F45-4663-8101-9DD4BF99096E}.Release|x64.ActiveCfg = Release|x64
		{53DA8D50-6F45-4663-8101-9DD4BF99096E}.Release|x64.Build.0 = Release|x64
		{53DA8D50-6F45-4663-8101-9DD4BF99096E}.Release|x86.ActiveCfg = Release|x86
		{53DA8D50-6F45-4663-8101-9DD4BF99096E}.Release|x86.Build.0 = Release|x86
		{20CB32E5-9B1D-4C78-8126-20367398001C}.Debug|x64.ActiveCfg = Debug|x64
		{20CB32E5-9B1D-4C78-8126-20367398001C}.Debug|x64.Build.0 = Debug|x64
		{20CB32E5-9B1D-4C78-8126-20367398001C}.Debug|x86.ActiveCfg = Debug|x86
		{20CB32E5-9B1D-4C78-8126-20367398001C}.Debug|x86.Build.0 = Debug|x86
		{20CB32E5-9B1D-4C78-8126-20367398001C}.Release|x64.ActiveCfg = Release|x64
		{20CB32E5-9B1D-4C78-8126-20367398001C}.Release|x64.Build.0 = Release|x64
		{20CB32E5-9B1D-4C78-8126-20367398001C}.Release|x86.ActiveCfg = Release|x86
		{20CB32E5-9B1D-4C78-8126-20367398001C}.Release|x86.Build.0 = Release|x86
		{6EAB3C48-87BF-4F98-972E-1D0C8B7E03A4}.Debug|x64.ActiveCfg = Debug|x64
		{6EAB3C48-87BF-4F98-972E-1D0C8B7E03A4}.Debug|x64.Build.0 = Debug|x64
		{6EAB3C48-87BF-4F98-972E-1D0C8B7E03A4}.Debug|x86.ActiveCfg = Debug|x86
		{6EAB3C48-87BF-4F98-972E-1D0C8B7E03A4}.Debug|x86.Build.0 = Debug|x86
		{6EAB3C48-87BF-4F98-972E-1D0C8B7E03A4}.Release|x64.ActiveCfg = Release|x64
		{6EAB3C48-87BF-4F98-972E-1D0C8B7E03A4}.Release|x64.Build.0 = Release|x64
		{6EAB3C48-87BF-4F98-972E-1D0C8B7E03A4}.Release|x86.ActiveCfg = Release|x86
		{6EAB3C48-87BF-4F98-972E-1D0C8B7E03A4}.Release|x86.Build.0 = Release|x86
		{770DFCD1-C149-40E4-B1A1-76D06465A57C}.Debug|x64.ActiveCfg = Debug|x64
		{770DFCD1-C149-40E4-B1A1-76D06465A57C}.Debug|x64.Build.0 = Debug|x64
		{770DFCD1-C149-40E4-B1A1-76D06465A57C}.Debug|x86.ActiveCfg = Debug|x86
		{770DFCD1-C149-40E4-B1A1-76D06465A57C}.Debug|x86.Build.0 = Debug|x86
		{770DFCD1-C149-40E4-B1A1-76D06465A57C}.Release|x64.ActiveCfg = Release|x64
		{770DFCD1-C149-40E4-B1A1-76D06465A57C}.Release|x64.Build.0 = Release|x64
		{770DFCD1-C149-40E4-B1A1-76D06465A57C}.Release|x86.ActiveCfg = Release|x86
		{770DFCD1-C149-40E4-B1A1-76D06465A57C}.Release|x86.Build.0 = Release|x86
		{DB80FD39-0222-4591-B224-833259BAC943}.Debug|x64.ActiveCfg = Debug|x64
		{DB80FD39-0222-4591-B224-833259BAC943}.Debug|x64.Build.0 = Debug|x64
		{DB80FD39-0222-4591-B224-833259BAC943}.Debug|x86.ActiveCfg = Debug|x86
		{DB80FD39-0222-4591-B224-833259BAC943}.Debug|x86.Build.0 = Debug|x86
		{DB80FD39-0222-4591-B224-833259BAC943}.Release|x64.ActiveCfg = Release|x64
		{DB80FD39-0222-4591-B224-833259BAC943}.Release|x64.Build.0 = Release|x64
		{DB80FD39-0222-4591-B224-833259BAC943}.Release|x86.ActiveCfg = Release|x86
		{DB80FD39-0222-4591-B224-833259BAC943}.Release|x86.Build.0 = Release|x86
		{64B9F21B-A7FE-4CF9-B764-948505DACE60}.Debug|x64.ActiveCfg = Debug|x64
		{64B9F21B-A7FE-4CF9-B764-948505DACE60}.Debug|x64.Build.0 = Debug|x64
		{64B9F21B-A7FE-4CF9-B764-948505DACE60}.Debug|x86.ActiveCfg = Debug|x86
		{64B9F21B-A7FE-4CF9-B764-948505DACE60}.Debug|x86.Build.0 = Debug|x86
		{64B9F21B-A7FE-4CF9-B764-948505DACE60}.Release|x64.ActiveCfg = Release|x64
		{64B9F21B-A7FE-4CF9-B764-948505DACE60}.Release|x64.Build.0 = Release|x64
		{64B9F21B-A7FE-4CF9-B764-948505DACE60}.Release|x86.ActiveCfg = Release|x86
		{64B9F21B-A7FE-4CF9-B764-948505DACE60}.Release|x86.Build.0 = Release|x86
		{FCC193B6-3B3A-4EC5-9586-E22E38D61D99}.Debug|x64.ActiveCfg = Debug|x64
		{FCC193B6-3B3A-4EC5-9586-E22E38D61D99}.Debug|x64.Build.0 = Debug|x64
		{FCC193B6-3B3A-4EC5-9586-E22E38D61D99}.Debug|x86.ActiveCfg = Debug|Win32
		{FCC193B6-3B3A-4EC5-9586-E22E38D61D99}.Debug|x86.Build.0 = Debug|Win32
		{FCC193B6-3B3A-4EC5-9586-E22E38D61D99}.Release|x64.ActiveCfg = Release|x64
		{FCC193B6-3B3A-4EC5-9586-E22E38D61D99}.Release|x64.Build.0 = Release|x64
		{FCC193B6-3B3A-4EC5-9586-E22E38D61D99}.Release|x86.ActiveCfg = Release|Win32
		{FCC193B6-3B3A-4EC5-9586-E22E38D61D99}.Release|x86.Build.0 = Release|Win32
		{C65DD007-A448-49F5-B813-372C53D374C3}.Debug|x64.ActiveCfg = Debug|x64
		{C65DD007-A448-49F5-B813-372C53D374C3}.Debug|x64.Build.0 = Debug|x64
		{C65DD007-A448-49F5-B813-372C53D374C3}.Debug|x86.ActiveCfg = Debug|x86
		{C65DD007-A448-49F5-B813-372C53D374C3}.Debug|x86.Build.0 = Debug|x86
		{C65DD007-A448-49F5-B813-372C53D374C3}.Release|x64.ActiveCfg = Release|x64
		{C65DD007-A448-49F5-B813-372C53D374C3}.Release|x64.Build.0 = Release|x64
		{C65DD007-A448-49F5-B813-372C53D374C3}.Release|x86.ActiveCfg = Release|x86
		{C65DD007-A448-49F5-B813-372C53D374C3}.Release|x86.Build.0 = Release|x86
		{0193411F-E627-4418-8942-F669C19B90F4}.Debug|x64.ActiveCfg = Debug|x64
		{0193411F-E627-4418-8942-F669C19B90F4}.Debug|x64.Build.0 = Debug|x64
		{0193411F-E627-4418-8942-F669C19B90F4}.Debug|x86.ActiveCfg = Debug|x86
		{0193411F-E627-4418-8942-F669C19B90F4}.Debug|x86.Build.0 = Debug|x86
		{0193411F-E627-4418-8942-F669C19B90F4}.Release|x64.ActiveCfg = Release|x64
		{0193411F-E627-4418-8942-F669C19B90F4}.Release|x64.Build.0 = Release|x64
		{0193411F-E627-4418-8942-F669C19B90F4}.Release|x86.ActiveCfg = Release|x86
		{0193411F-E627-4418-8942-F669C19B90F4}.Release|x86.Build.0 = Release|x86
		{5FC0FBFF-7CE1-4540-9E41-D757D0D9708D}.Debug|x64.ActiveCfg = Debug|x64
		{5FC0FBFF-7CE1-4540-9E41-D757D0D9708D}.Debug|x64.Build.0 = Debug|x64
		{5FC0FBFF-7CE1-4540-9E41-D757D0D9708D}.Debug|x86.ActiveCfg = Debug|x86
		{5FC0FBFF-7CE1-4540-9E41-D757D0D9708D}.Debug|x86.Build.0 = Debug|x86
		{5FC0FBFF-7CE1-4540-9E41-D757D0D9708D}.Release|x64.ActiveCfg = Release|x64
		{5FC0FBFF-7CE1-4540-9E41-D757D0D9708D}.Release|x64.Build.0 = Release|x64
		{5FC0FBFF-7CE1-4540-9E41-D757D0D9708D}.Release|x86.ActiveCfg = Release|x86
		{5FC0FBFF-7CE1-4540-9E41-D757D0D9708D}.Release|x86.Build.0 = Release|x86
		{9A35AB82-2481-4C44-B51E-66DF7D248EAD}.Debug|x64.ActiveCfg = Debug|x64
		{9A35AB82-2481-4C44-B51E-66DF7D248EAD}.Debug|x64.Build.0 = Debug|x64
		{9A35AB82-2481-4C44-B51E-66DF7D248EAD}.Debug|x86.ActiveCfg = Debug|x86
		{9A35AB82-2481-4C44-B51E-66DF7D248EAD}.Debug|x86.Build.0 = Debug|x86
		{9A35AB82-2481-4C44-B51E-66DF7D248EAD}.Release|x64.ActiveCfg = Release|x64
		{9A35AB82-2481-4C44-B51E-66DF7D248EAD}.Release|x64.Build.0 = Release|x64
		{9A35AB82-2481-4C44-B51E-66DF7D248EAD}.Release|x86.ActiveCfg = Release|x86
		{9A35AB82-2481-4C44-B51E-66DF7D248EAD}.Release|x86.Build.0 = Release|x86
		{46568E12-8F80-492E-AED8-647C2386C3E9}.Debug|x64.ActiveCfg = Debug|x64
		{46568E12-8F80-492E-AED8-647C2386C3E9}.Debug|x64.Build.0 = Debug|x64
		{46568E12-8F80-492E-AED8-647C2386C3E9}.Debug|x86.ActiveCfg = Debug|x86
		{46568E12-8F80-492E-AED8-647C2386C3E9}.Debug|x86.Build.0 = Debug|x86
		{46568E12-8F80-492E-AED8-647C2386C3E9}.Release|x64.ActiveCfg = Release|x64
		{46568E12-8F80-492E-AED8-647C2386C3E9}.Release|x64.Build.0 = Release|x64
		{46568E12-8F80-492E-AED8-647C2386C3E9}.Release|x86.ActiveCfg = Release|x86
		{46568E12-8F80-492E-AED8-647C2386C3E9}.Release|x86.Build.0 = Release|x86
		{55DC5287-F414-4680-83C4-80D0E0B8937F}.Debug|x64.ActiveCfg = Debug|x64
		{55DC5287-F414-4680-83C4-80D0E0B8937F}.Debug|x64.Build.0 = Debug|x64
		{55DC5287-F414-4680-83C4-80D0E0B8937F}.Debug|x86.ActiveCfg = Debug|x86
		{55DC5287-F414-4680-83C4-80D0E0B8937F}.Debug|x86.Build.0 = Debug|x86
		{55DC5287-F414-4680-83C4-80D0E0B8937F}.Release|x64.ActiveCfg = Release|x64
		{55DC5287-F414-4680-83C4-80D0E0B8937F}.Release|x64.Build.0 = Release|x64
		{55DC5287-F414-4680-83C4-80D0E0B8937F}.Release|x86.ActiveCfg = Release|x86
		{55DC5287-F414-4680-83C4-80D0E0B8937F}.Release|x86.Build.0 = Release|x86
		{95A660DC-FBFE-4560-A433-0B024494B213}.Debug|x64.ActiveCfg = Debug|x64
		{95A660DC-FBFE-4560-A433-0B024494B213}.Debug|x64.Build.0 = Debug|x64
		{95A660DC-FBFE-4560-A433-0B024494B213}.Debug|x86.ActiveCfg = Debug|Win32
		{95A660DC-FBFE-4560-A433-0B024494B213}.Debug|x86.Build.0 = Debug|Win32
		{95A660DC-FBFE-4560-A433-0B024494B213}.Release|x64.ActiveCfg = Release|x64
		{95A660DC-FBFE-4560-A433-0B024494B213}.Release|x64.Build.0 = Release|x64
		{95A660DC-FBFE-4560-A433-0B024494B213}.Release|x86.ActiveCfg = Release|Win32
		{95A660DC-FBFE-4560-A433-0B024494B213}.Release|x86.Build.0 = Release|Win32
		{785C1014-852F-4EC1-A2D6-CDB52880B7AD}.Debug|x64.ActiveCfg = Debug|x64
		{785C1014-852F-4EC1-A2D6-CDB52880B7AD}.Debug|x64.Build.0 = Debug|x64
		{785C1014-852F-4EC1-A2D6-CDB52880B7AD}.Debug|x86.ActiveCfg = Debug|Win32
		{785C1014-852F-4EC1-A2D6-CDB52880B7AD}.Debug|x86.Build.0 = Debug|Win32
		{785C1014-852F-4EC1-A2D6-CDB52880B7AD}.Release|x64.ActiveCfg = Release|x64
		{785C1014-852F-4EC1-A2D6-CDB52880B7AD}.Release|x64.Build.0 = Release|x64
		{785C1014-852F-4EC1-A2D6-CDB52880B7AD}.Release|x86.ActiveCfg = Release|Win32
		{785C1014-852F-4EC1-A2D6-CDB52880B7AD}.Release|x86.Build.0 = Release|Win32
	EndGlobalSection
	GlobalSection(SolutionProperties) = preSolution
		HideSolutionNode = FALSE
	EndGlobalSection
EndGlobal
