<?xml version="1.0" encoding="utf-8"?>
<Project ToolsVersion="4.0" xmlns="http://schemas.microsoft.com/developer/msbuild/2003">
  <ItemGroup>
    <ClCompile Include="Handle.cpp">
      <Filter>Handles\Handle</Filter>
    </ClCompile>
    <ClInclude Include="Handle.h">
      <Filter>Handles\Handle</Filter>
    </ClInclude>
    <ClCompile Include="HandleInfo.cpp">
      <Filter>Handles\HandleInfo</Filter>
    </ClCompile>
    <ClInclude Include="HandleInfo.h">
      <Filter>Handles\HandleInfo</Filter>
    </ClInclude>
    <ClCompile Include="HandleList.cpp">
      <Filter>Handles\HandleList</Filter>
    </ClCompile>
    <ClInclude Include="HandleList.h">
      <Filter>Handles\HandleList</Filter>
    </ClInclude>
    <Filter Include="Handles">
      <UniqueIdentifier>{5f5b78a5-eca1-4ffe-a9ba-92704f84d0b2}</UniqueIdentifier>
    </Filter>
    <Filter Include="Handles\Handle">
      <UniqueIdentifier>{b6f414dd-d17b-4d12-bdb2-9ed4e8793ab4}</UniqueIdentifier>
    </Filter>
    <Filter Include="Handles\HandleInfo">
      <UniqueIdentifier>{8df91e1a-5adf-450a-9941-839fad45a604}</UniqueIdentifier>
    </Filter>
    <Filter Include="Handles\HandleList">
      <UniqueIdentifier>{478b8bd6-fe3c-431a-851f-95c91255c77e}</UniqueIdentifier>
    </Filter>
    <Filter Include="stdafx">
      <UniqueIdentifier>{2b0ecfc8-7c69-44ae-aa53-3aabd89321e5}</UniqueIdentifier>
    </Filter>
    <ClCompile Include="stdafx.cpp">
      <Filter>stdafx</Filter>
    </ClCompile>
    <ClInclude Include="stdafx.h">
      <Filter>stdafx</Filter>
    </ClInclude>
    <Filter Include="Win32Exception">
      <UniqueIdentifier>{048fe441-a479-40d4-9cd1-fa0ec31c4f8d}</UniqueIdentifier>
    </Filter>
    <ClCompile Include="Win32Exception.cpp">
      <Filter>Win32Exception</Filter>
    </ClCompile>
    <ClInclude Include="Win32Exception.h">
      <Filter>Win32Exception</Filter>
    </ClInclude>
    <Filter Include="Win32Lib">
      <UniqueIdentifier>{2de01261-bf74-4cc0-b915-d11ff5153876}</UniqueIdentifier>
    </Filter>
    <ClCompile Include="Win32Lib.cpp">
      <Filter>Win32Lib</Filter>
    </ClCompile>
    <ClInclude Include="Win32Lib.h">
      <Filter>Win32Lib</Filter>
    </ClInclude>
  </ItemGroup>
</Project>