<?xml version="1.0" encoding="utf-8"?>
<Project ToolsVersion="4.0" xmlns="http://schemas.microsoft.com/developer/msbuild/2003">
  <ItemGroup>
    <None Include="GlobalAssemblyInfo.Template.cs" />
    <None Include="GlobalAssemblyInfo.cs" />
  </ItemGroup>
  <ItemGroup>
    <ClInclude Include="GlobalVersionInfo.Template.h" />
    <ClInclude Include="GlobalVersionInfo.h" />
  </ItemGroup>
</Project>