<?xml version="1.0" encoding="utf-8"?>
<Project ToolsVersion="4.0" xmlns="http://schemas.microsoft.com/developer/msbuild/2003">
  <ItemGroup>
    <Filter Include="Interop">
      <UniqueIdentifier>{9db29e1e-275f-4279-918f-4a8ea4c95d4d}</UniqueIdentifier>
    </Filter>
    <ClCompile Include="Interop.cpp">
      <Filter>Interop</Filter>
    </ClCompile>
    <ClInclude Include="Interop.h">
      <Filter>Interop</Filter>
    </ClInclude>
    <Filter Include="Resource">
      <UniqueIdentifier>{fd3c58d5-5ec3-4cba-b3dd-3c6b9071ed26}</UniqueIdentifier>
    </Filter>
    <ClInclude Include="Resource.h">
      <Filter>Resource</Filter>
    </ClInclude>
    <ResourceCompile Include="Resource.rc">
      <Filter>Resource</Filter>
    </ResourceCompile>
    <Filter Include="stdafx">
      <UniqueIdentifier>{2b0ecfc8-7c69-44ae-aa53-3aabd89321e5}</UniqueIdentifier>
    </Filter>
    <ClCompile Include="stdafx.cpp">
      <Filter>stdafx</Filter>
    </ClCompile>
    <ClInclude Include="stdafx.h">
      <Filter>stdafx</Filter>
    </ClInclude>
  </ItemGroup>
</Project>