<?xml version="1.0" encoding="utf-8"?>
<Project ToolsVersion="4.0" xmlns="http://schemas.microsoft.com/developer/msbuild/2003">
  <ItemGroup>
    <Filter Include="Interop">
      <UniqueIdentifier>{9db29e1e-275f-4279-918f-4a8ea4c95d4d}</UniqueIdentifier>
    </Filter>
    <Filter Include="stdafx">
      <UniqueIdentifier>{2b0ecfc8-7c69-44ae-aa53-3aabd89321e5}</UniqueIdentifier>
    </Filter>
    <Filter Include="Protect">
      <UniqueIdentifier>{eeedbedb-8295-441a-8f2f-f88a55b93f4c}</UniqueIdentifier>
    </Filter>
    <Filter Include="Handle">
      <UniqueIdentifier>{a85cb97b-ef22-4375-8bb9-ea101c9fdc8a}</UniqueIdentifier>
    </Filter>
    <Filter Include="VirtualQueryInfo">
      <UniqueIdentifier>{743ae5e2-3dfc-4840-80fe-5bfa196392e7}</UniqueIdentifier>
    </Filter>
    <Filter Include="HandleInfo">
      <UniqueIdentifier>{2ee2eeff-5dd7-4d26-a2a3-0b47a79dd5bc}</UniqueIdentifier>
    </Filter>
    <Filter Include="Resource">
      <UniqueIdentifier>{fd3c58d5-5ec3-4cba-b3dd-3c6b9071ed26}</UniqueIdentifier>
    </Filter>
  </ItemGroup>
  <ItemGroup>
    <ClCompile Include="Interop.cpp">
      <Filter>Interop</Filter>
    </ClCompile>
    <ClCompile Include="stdafx.cpp">
      <Filter>stdafx</Filter>
    </ClCompile>
    <ClCompile Include="Protect.cpp">
      <Filter>Protect</Filter>
    </ClCompile>
    <ClCompile Include="Handle.cpp">
      <Filter>Handle</Filter>
    </ClCompile>
    <ClCompile Include="VirtualQueryInfo.cpp">
      <Filter>VirtualQueryInfo</Filter>
    </ClCompile>
    <ClCompile Include="HandleInfo.cpp">
      <Filter>HandleInfo</Filter>
    </ClCompile>
  </ItemGroup>
  <ItemGroup>
    <ClInclude Include="Interop.h">
      <Filter>Interop</Filter>
    </ClInclude>
    <ClInclude Include="stdafx.h">
      <Filter>stdafx</Filter>
    </ClInclude>
    <ClInclude Include="Handle.h">
      <Filter>Handle</Filter>
    </ClInclude>
    <ClInclude Include="Protect.h">
      <Filter>Protect</Filter>
    </ClInclude>
    <ClInclude Include="VirtualQueryInfo.h">
      <Filter>VirtualQueryInfo</Filter>
    </ClInclude>
    <ClInclude Include="HandleInfo.h">
      <Filter>HandleInfo</Filter>
    </ClInclude>
    <ClInclude Include="Resource.h">
      <Filter>Resource</Filter>
    </ClInclude>
    <ClInclude Include="SVNInfo.h">
      <Filter>Resource</Filter>
    </ClInclude>
  </ItemGroup>
  <ItemGroup>
    <ResourceCompile Include="Resource.rc">
      <Filter>Resource</Filter>
    </ResourceCompile>
  </ItemGroup>
  <ItemGroup>
    <CustomBuild Include="SVNInfo.Template.h" />
  </ItemGroup>
</Project>